
Microsoft Visual Studio Solution File, Format Version 12.00
# Visual Studio Version 16
VisualStudioVersion = 16.0.29102.190
MinimumVisualStudioVersion = 10.0.40219.1
Project("{FAE04EC0-301F-11D3-BF4B-00C04F79EFBC}") = "BMICalculator", "BMICalculator\BMICalculator.csproj", "{0029337B-E29A-4017-BF34-15AE2560B31D}"
EndProject
Global
	GlobalSection(SolutionConfigurationPlatforms) = preSolution
		Debug|Any CPU = Debug|Any CPU
		Release|Any CPU = Release|Any CPU
	EndGlobalSection
	GlobalSection(ProjectConfigurationPlatforms) = postSolution
		{0029337B-E29A-4017-BF34-15AE2560B31D}.Debug|Any CPU.ActiveCfg = Debug|Any CPU
		{0029337B-E29A-4017-BF34-15AE2560B31D}.Debug|Any CPU.Build.0 = Debug|Any CPU
		{0029337B-E29A-4017-BF34-15AE2560B31D}.Release|Any CPU.ActiveCfg = Release|Any CPU
		{0029337B-E29A-4017-BF34-15AE2560B31D}.Release|Any CPU.Build.0 = Release|Any CPU
	EndGlobalSection
	GlobalSection(SolutionProperties) = preSolution
		HideSolutionNode = FALSE
	EndGlobalSection
	GlobalSection(ExtensibilityGlobals) = postSolution
		SolutionGuid = {44F9912C-0EA2-48E8-8C05-5A46F8C367C3}
	EndGlobalSection
EndGlobal
